// !$*UTF8*$!
{
	archiveVersion = 1;
	classes = {
	};
	objectVersion = 77;
	objects = {

/* Begin PBXBuildFile section */
		28BB50A22DE0BA9C002F61E9 /* Fluxor in Frameworks */ = {isa = PBXBuildFile; productRef = 28BB50A12DE0BA9C002F61E9 /* Fluxor */; };
		28BB50A42DE0BA9C002F61E9 /* FluxorTestSupport in Frameworks */ = {isa = PBXBuildFile; productRef = 28BB50A32DE0BA9C002F61E9 /* FluxorTestSupport */; };
		28BB50A72DE0BEAC002F61E9 /* Factory in Frameworks */ = {isa = PBXBuildFile; productRef = 28BB50A62DE0BEAC002F61E9 /* Factory */; };
		28BB50A92DE0BEAC002F61E9 /* FactoryTesting in Frameworks */ = {isa = PBXBuildFile; productRef = 28BB50A82DE0BEAC002F61E9 /* FactoryTesting */; };
/* End PBXBuildFile section */

/* Begin PBXContainerItemProxy section */
		28BB50222DE0B908002F61E9 /* PBXContainerItemProxy */ = {
			isa = PBXContainerItemProxy;
			containerPortal = 28BB500C2DE0B907002F61E9 /* Project object */;
			proxyType = 1;
			remoteGlobalIDString = 28BB50132DE0B907002F61E9;
			remoteInfo = CrosscodeFluxorV2UI;
		};
		28BB502C2DE0B908002F61E9 /* PBXContainerItemProxy */ = {
			isa = PBXContainerItemProxy;
			containerPortal = 28BB500C2DE0B907002F61E9 /* Project object */;
			proxyType = 1;
			remoteGlobalIDString = 28BB50132DE0B907002F61E9;
			remoteInfo = CrosscodeFluxorV2UI;
		};
/* End PBXContainerItemProxy section */

/* Begin PBXFileReference section */
		28BB50142DE0B907002F61E9 /* CrosscodeFluxorV2UI.app */ = {isa = PBXFileReference; explicitFileType = wrapper.application; includeInIndex = 0; path = CrosscodeFluxorV2UI.app; sourceTree = BUILT_PRODUCTS_DIR; };
		28BB50212DE0B908002F61E9 /* CrosscodeFluxorV2UITests.xctest */ = {isa = PBXFileReference; explicitFileType = wrapper.cfbundle; includeInIndex = 0; path = CrosscodeFluxorV2UITests.xctest; sourceTree = BUILT_PRODUCTS_DIR; };
		28BB502B2DE0B908002F61E9 /* CrosscodeFluxorV2UIUITests.xctest */ = {isa = PBXFileReference; explicitFileType = wrapper.cfbundle; includeInIndex = 0; path = CrosscodeFluxorV2UIUITests.xctest; sourceTree = BUILT_PRODUCTS_DIR; };
/* End PBXFileReference section */

/* Begin PBXFileSystemSynchronizedRootGroup section */
		28BB50162DE0B907002F61E9 /* CrosscodeFluxorV2UI */ = {
			isa = PBXFileSystemSynchronizedRootGroup;
			path = CrosscodeFluxorV2UI;
			sourceTree = "<group>";
		};
		28BB50242DE0B908002F61E9 /* CrosscodeFluxorV2UITests */ = {
			isa = PBXFileSystemSynchronizedRootGroup;
			path = CrosscodeFluxorV2UITests;
			sourceTree = "<group>";
		};
		28BB502E2DE0B908002F61E9 /* CrosscodeFluxorV2UIUITests */ = {
			isa = PBXFileSystemSynchronizedRootGroup;
			path = CrosscodeFluxorV2UIUITests;
			sourceTree = "<group>";
		};
/* End PBXFileSystemSynchronizedRootGroup section */

/* Begin PBXFrameworksBuildPhase section */
		28BB50112DE0B907002F61E9 /* Frameworks */ = {
			isa = PBXFrameworksBuildPhase;
			buildActionMask = 2147483647;
			files = (
				28BB50A22DE0BA9C002F61E9 /* Fluxor in Frameworks */,
				28BB50A72DE0BEAC002F61E9 /* Factory in Frameworks */,
			);
			runOnlyForDeploymentPostprocessing = 0;
		};
		28BB501E2DE0B908002F61E9 /* Frameworks */ = {
			isa = PBXFrameworksBuildPhase;
			buildActionMask = 2147483647;
			files = (
				28BB50A92DE0BEAC002F61E9 /* FactoryTesting in Frameworks */,
				28BB50A42DE0BA9C002F61E9 /* FluxorTestSupport in Frameworks */,
			);
			runOnlyForDeploymentPostprocessing = 0;
		};
		28BB50282DE0B908002F61E9 /* Frameworks */ = {
			isa = PBXFrameworksBuildPhase;
			buildActionMask = 2147483647;
			files = (
			);
			runOnlyForDeploymentPostprocessing = 0;
		};
/* End PBXFrameworksBuildPhase section */

/* Begin PBXGroup section */
		28BB500B2DE0B907002F61E9 = {
			isa = PBXGroup;
			children = (
				28BB50162DE0B907002F61E9 /* CrosscodeFluxorV2UI */,
				28BB50242DE0B908002F61E9 /* CrosscodeFluxorV2UITests */,
				28BB502E2DE0B908002F61E9 /* CrosscodeFluxorV2UIUITests */,
				28BB50152DE0B907002F61E9 /* Products */,
			);
			sourceTree = "<group>";
		};
		28BB50152DE0B907002F61E9 /* Products */ = {
			isa = PBXGroup;
			children = (
				28BB50142DE0B907002F61E9 /* CrosscodeFluxorV2UI.app */,
				28BB50212DE0B908002F61E9 /* CrosscodeFluxorV2UITests.xctest */,
				28BB502B2DE0B908002F61E9 /* CrosscodeFluxorV2UIUITests.xctest */,
			);
			name = Products;
			sourceTree = "<group>";
		};
/* End PBXGroup section */

/* Begin PBXNativeTarget section */
		28BB50132DE0B907002F61E9 /* CrosscodeFluxorV2UI */ = {
			isa = PBXNativeTarget;
			buildConfigurationList = 28BB50352DE0B908002F61E9 /* Build configuration list for PBXNativeTarget "CrosscodeFluxorV2UI" */;
			buildPhases = (
				28BB50102DE0B907002F61E9 /* Sources */,
				28BB50112DE0B907002F61E9 /* Frameworks */,
				28BB50122DE0B907002F61E9 /* Resources */,
			);
			buildRules = (
			);
			dependencies = (
			);
			fileSystemSynchronizedGroups = (
				28BB50162DE0B907002F61E9 /* CrosscodeFluxorV2UI */,
			);
			name = CrosscodeFluxorV2UI;
			packageProductDependencies = (
				28BB50A12DE0BA9C002F61E9 /* Fluxor */,
				28BB50A62DE0BEAC002F61E9 /* Factory */,
			);
			productName = CrosscodeFluxorV2UI;
			productReference = 28BB50142DE0B907002F61E9 /* CrosscodeFluxorV2UI.app */;
			productType = "com.apple.product-type.application";
		};
		28BB50202DE0B908002F61E9 /* CrosscodeFluxorV2UITests */ = {
			isa = PBXNativeTarget;
			buildConfigurationList = 28BB50382DE0B908002F61E9 /* Build configuration list for PBXNativeTarget "CrosscodeFluxorV2UITests" */;
			buildPhases = (
				28BB501D2DE0B908002F61E9 /* Sources */,
				28BB501E2DE0B908002F61E9 /* Frameworks */,
				28BB501F2DE0B908002F61E9 /* Resources */,
			);
			buildRules = (
			);
			dependencies = (
				28BB50232DE0B908002F61E9 /* PBXTargetDependency */,
			);
			fileSystemSynchronizedGroups = (
				28BB50242DE0B908002F61E9 /* CrosscodeFluxorV2UITests */,
			);
			name = CrosscodeFluxorV2UITests;
			packageProductDependencies = (
				28BB50A32DE0BA9C002F61E9 /* FluxorTestSupport */,
				28BB50A82DE0BEAC002F61E9 /* FactoryTesting */,
			);
			productName = CrosscodeFluxorV2UITests;
			productReference = 28BB50212DE0B908002F61E9 /* CrosscodeFluxorV2UITests.xctest */;
			productType = "com.apple.product-type.bundle.unit-test";
		};
		28BB502A2DE0B908002F61E9 /* CrosscodeFluxorV2UIUITests */ = {
			isa = PBXNativeTarget;
			buildConfigurationList = 28BB503B2DE0B908002F61E9 /* Build configuration list for PBXNativeTarget "CrosscodeFluxorV2UIUITests" */;
			buildPhases = (
				28BB50272DE0B908002F61E9 /* Sources */,
				28BB50282DE0B908002F61E9 /* Frameworks */,
				28BB50292DE0B908002F61E9 /* Resources */,
			);
			buildRules = (
			);
			dependencies = (
				28BB502D2DE0B908002F61E9 /* PBXTargetDependency */,
			);
			fileSystemSynchronizedGroups = (
				28BB502E2DE0B908002F61E9 /* CrosscodeFluxorV2UIUITests */,
			);
			name = CrosscodeFluxorV2UIUITests;
			packageProductDependencies = (
			);
			productName = CrosscodeFluxorV2UIUITests;
			productReference = 28BB502B2DE0B908002F61E9 /* CrosscodeFluxorV2UIUITests.xctest */;
			productType = "com.apple.product-type.bundle.ui-testing";
		};
/* End PBXNativeTarget section */

/* Begin PBXProject section */
		28BB500C2DE0B907002F61E9 /* Project object */ = {
			isa = PBXProject;
			attributes = {
				BuildIndependentTargetsInParallel = 1;
				LastSwiftUpdateCheck = 1630;
				LastUpgradeCheck = 1630;
				TargetAttributes = {
					28BB50132DE0B907002F61E9 = {
						CreatedOnToolsVersion = 16.3;
					};
					28BB50202DE0B908002F61E9 = {
						CreatedOnToolsVersion = 16.3;
						TestTargetID = 28BB50132DE0B907002F61E9;
					};
					28BB502A2DE0B908002F61E9 = {
						CreatedOnToolsVersion = 16.3;
						TestTargetID = 28BB50132DE0B907002F61E9;
					};
				};
			};
			buildConfigurationList = 28BB500F2DE0B907002F61E9 /* Build configuration list for PBXProject "CrosscodeFluxorV2UI" */;
			developmentRegion = en;
			hasScannedForEncodings = 0;
			knownRegions = (
				en,
				Base,
			);
			mainGroup = 28BB500B2DE0B907002F61E9;
			minimizedProjectReferenceProxies = 1;
			packageReferences = (
				28BB50A02DE0BA9C002F61E9 /* XCRemoteSwiftPackageReference "Fluxor" */,
				28BB50A52DE0BEAC002F61E9 /* XCRemoteSwiftPackageReference "Factory" */,
			);
			preferredProjectObjectVersion = 77;
			productRefGroup = 28BB50152DE0B907002F61E9 /* Products */;
			projectDirPath = "";
			projectRoot = "";
			targets = (
				28BB50132DE0B907002F61E9 /* CrosscodeFluxorV2UI */,
				28BB50202DE0B908002F61E9 /* CrosscodeFluxorV2UITests */,
				28BB502A2DE0B908002F61E9 /* CrosscodeFluxorV2UIUITests */,
			);
		};
/* End PBXProject section */

/* Begin PBXResourcesBuildPhase section */
		28BB50122DE0B907002F61E9 /* Resources */ = {
			isa = PBXResourcesBuildPhase;
			buildActionMask = 2147483647;
			files = (
			);
			runOnlyForDeploymentPostprocessing = 0;
		};
		28BB501F2DE0B908002F61E9 /* Resources */ = {
			isa = PBXResourcesBuildPhase;
			buildActionMask = 2147483647;
			files = (
			);
			runOnlyForDeploymentPostprocessing = 0;
		};
		28BB50292DE0B908002F61E9 /* Resources */ = {
			isa = PBXResourcesBuildPhase;
			buildActionMask = 2147483647;
			files = (
			);
			runOnlyForDeploymentPostprocessing = 0;
		};
/* End PBXResourcesBuildPhase section */

/* Begin PBXSourcesBuildPhase section */
		28BB50102DE0B907002F61E9 /* Sources */ = {
			isa = PBXSourcesBuildPhase;
			buildActionMask = 2147483647;
			files = (
			);
			runOnlyForDeploymentPostprocessing = 0;
		};
		28BB501D2DE0B908002F61E9 /* Sources */ = {
			isa = PBXSourcesBuildPhase;
			buildActionMask = 2147483647;
			files = (
			);
			runOnlyForDeploymentPostprocessing = 0;
		};
		28BB50272DE0B908002F61E9 /* Sources */ = {
			isa = PBXSourcesBuildPhase;
			buildActionMask = 2147483647;
			files = (
			);
			runOnlyForDeploymentPostprocessing = 0;
		};
/* End PBXSourcesBuildPhase section */

/* Begin PBXTargetDependency section */
		28BB50232DE0B908002F61E9 /* PBXTargetDependency */ = {
			isa = PBXTargetDependency;
			target = 28BB50132DE0B907002F61E9 /* CrosscodeFluxorV2UI */;
			targetProxy = 28BB50222DE0B908002F61E9 /* PBXContainerItemProxy */;
		};
		28BB502D2DE0B908002F61E9 /* PBXTargetDependency */ = {
			isa = PBXTargetDependency;
			target = 28BB50132DE0B907002F61E9 /* CrosscodeFluxorV2UI */;
			targetProxy = 28BB502C2DE0B908002F61E9 /* PBXContainerItemProxy */;
		};
/* End PBXTargetDependency section */

/* Begin XCBuildConfiguration section */
		28BB50332DE0B908002F61E9 /* Debug */ = {
			isa = XCBuildConfiguration;
			buildSettings = {
				ALWAYS_SEARCH_USER_PATHS = NO;
				ASSETCATALOG_COMPILER_GENERATE_SWIFT_ASSET_SYMBOL_EXTENSIONS = YES;
				CLANG_ANALYZER_NONNULL = YES;
				CLANG_ANALYZER_NUMBER_OBJECT_CONVERSION = YES_AGGRESSIVE;
				CLANG_CXX_LANGUAGE_STANDARD = "gnu++20";
				CLANG_ENABLE_MODULES = YES;
				CLANG_ENABLE_OBJC_ARC = YES;
				CLANG_ENABLE_OBJC_WEAK = YES;
				CLANG_WARN_BLOCK_CAPTURE_AUTORELEASING = YES;
				CLANG_WARN_BOOL_CONVERSION = YES;
				CLANG_WARN_COMMA = YES;
				CLANG_WARN_CONSTANT_CONVERSION = YES;
				CLANG_WARN_DEPRECATED_OBJC_IMPLEMENTATIONS = YES;
				CLANG_WARN_DIRECT_OBJC_ISA_USAGE = YES_ERROR;
				CLANG_WARN_DOCUMENTATION_COMMENTS = YES;
				CLANG_WARN_EMPTY_BODY = YES;
				CLANG_WARN_ENUM_CONVERSION = YES;
				CLANG_WARN_INFINITE_RECURSION = YES;
				CLANG_WARN_INT_CONVERSION = YES;
				CLANG_WARN_NON_LITERAL_NULL_CONVERSION = YES;
				CLANG_WARN_OBJC_IMPLICIT_RETAIN_SELF = YES;
				CLANG_WARN_OBJC_LITERAL_CONVERSION = YES;
				CLANG_WARN_OBJC_ROOT_CLASS = YES_ERROR;
				CLANG_WARN_QUOTED_INCLUDE_IN_FRAMEWORK_HEADER = YES;
				CLANG_WARN_RANGE_LOOP_ANALYSIS = YES;
				CLANG_WARN_STRICT_PROTOTYPES = YES;
				CLANG_WARN_SUSPICIOUS_MOVE = YES;
				CLANG_WARN_UNGUARDED_AVAILABILITY = YES_AGGRESSIVE;
				CLANG_WARN_UNREACHABLE_CODE = YES;
				CLANG_WARN__DUPLICATE_METHOD_MATCH = YES;
				COPY_PHASE_STRIP = NO;
				DEBUG_INFORMATION_FORMAT = dwarf;
				DEVELOPMENT_TEAM = 4D9S5L6RG7;
				ENABLE_STRICT_OBJC_MSGSEND = YES;
				ENABLE_TESTABILITY = YES;
				ENABLE_USER_SCRIPT_SANDBOXING = YES;
				GCC_C_LANGUAGE_STANDARD = gnu17;
				GCC_DYNAMIC_NO_PIC = NO;
				GCC_NO_COMMON_BLOCKS = YES;
				GCC_OPTIMIZATION_LEVEL = 0;
				GCC_PREPROCESSOR_DEFINITIONS = (
					"DEBUG=1",
					"$(inherited)",
				);
				GCC_WARN_64_TO_32_BIT_CONVERSION = YES;
				GCC_WARN_ABOUT_RETURN_TYPE = YES_ERROR;
				GCC_WARN_UNDECLARED_SELECTOR = YES;
				GCC_WARN_UNINITIALIZED_AUTOS = YES_AGGRESSIVE;
				GCC_WARN_UNUSED_FUNCTION = YES;
				GCC_WARN_UNUSED_VARIABLE = YES;
				IPHONEOS_DEPLOYMENT_TARGET = 18.4;
				LOCALIZATION_PREFERS_STRING_CATALOGS = YES;
				MTL_ENABLE_DEBUG_INFO = INCLUDE_SOURCE;
				MTL_FAST_MATH = YES;
				ONLY_ACTIVE_ARCH = YES;
				SDKROOT = iphoneos;
				SWIFT_ACTIVE_COMPILATION_CONDITIONS = "DEBUG $(inherited)";
				SWIFT_OPTIMIZATION_LEVEL = "-Onone";
			};
			name = Debug;
		};
		28BB50342DE0B908002F61E9 /* Release */ = {
			isa = XCBuildConfiguration;
			buildSettings = {
				ALWAYS_SEARCH_USER_PATHS = NO;
				ASSETCATALOG_COMPILER_GENERATE_SWIFT_ASSET_SYMBOL_EXTENSIONS = YES;
				CLANG_ANALYZER_NONNULL = YES;
				CLANG_ANALYZER_NUMBER_OBJECT_CONVERSION = YES_AGGRESSIVE;
				CLANG_CXX_LANGUAGE_STANDARD = "gnu++20";
				CLANG_ENABLE_MODULES = YES;
				CLANG_ENABLE_OBJC_ARC = YES;
				CLANG_ENABLE_OBJC_WEAK = YES;
				CLANG_WARN_BLOCK_CAPTURE_AUTORELEASING = YES;
				CLANG_WARN_BOOL_CONVERSION = YES;
				CLANG_WARN_COMMA = YES;
				CLANG_WARN_CONSTANT_CONVERSION = YES;
				CLANG_WARN_DEPRECATED_OBJC_IMPLEMENTATIONS = YES;
				CLANG_WARN_DIRECT_OBJC_ISA_USAGE = YES_ERROR;
				CLANG_WARN_DOCUMENTATION_COMMENTS = YES;
				CLANG_WARN_EMPTY_BODY = YES;
				CLANG_WARN_ENUM_CONVERSION = YES;
				CLANG_WARN_INFINITE_RECURSION = YES;
				CLANG_WARN_INT_CONVERSION = YES;
				CLANG_WARN_NON_LITERAL_NULL_CONVERSION = YES;
				CLANG_WARN_OBJC_IMPLICIT_RETAIN_SELF = YES;
				CLANG_WARN_OBJC_LITERAL_CONVERSION = YES;
				CLANG_WARN_OBJC_ROOT_CLASS = YES_ERROR;
				CLANG_WARN_QUOTED_INCLUDE_IN_FRAMEWORK_HEADER = YES;
				CLANG_WARN_RANGE_LOOP_ANALYSIS = YES;
				CLANG_WARN_STRICT_PROTOTYPES = YES;
				CLANG_WARN_SUSPICIOUS_MOVE = YES;
				CLANG_WARN_UNGUARDED_AVAILABILITY = YES_AGGRESSIVE;
				CLANG_WARN_UNREACHABLE_CODE = YES;
				CLANG_WARN__DUPLICATE_METHOD_MATCH = YES;
				COPY_PHASE_STRIP = NO;
				DEBUG_INFORMATION_FORMAT = "dwarf-with-dsym";
				DEVELOPMENT_TEAM = 4D9S5L6RG7;
				ENABLE_NS_ASSERTIONS = NO;
				ENABLE_STRICT_OBJC_MSGSEND = YES;
				ENABLE_USER_SCRIPT_SANDBOXING = YES;
				GCC_C_LANGUAGE_STANDARD = gnu17;
				GCC_NO_COMMON_BLOCKS = YES;
				GCC_WARN_64_TO_32_BIT_CONVERSION = YES;
				GCC_WARN_ABOUT_RETURN_TYPE = YES_ERROR;
				GCC_WARN_UNDECLARED_SELECTOR = YES;
				GCC_WARN_UNINITIALIZED_AUTOS = YES_AGGRESSIVE;
				GCC_WARN_UNUSED_FUNCTION = YES;
				GCC_WARN_UNUSED_VARIABLE = YES;
				IPHONEOS_DEPLOYMENT_TARGET = 18.4;
				LOCALIZATION_PREFERS_STRING_CATALOGS = YES;
				MTL_ENABLE_DEBUG_INFO = NO;
				MTL_FAST_MATH = YES;
				SDKROOT = iphoneos;
				SWIFT_COMPILATION_MODE = wholemodule;
				VALIDATE_PRODUCT = YES;
			};
			name = Release;
		};
		28BB50362DE0B908002F61E9 /* Debug */ = {
			isa = XCBuildConfiguration;
			buildSettings = {
				ASSETCATALOG_COMPILER_APPICON_NAME = AppIcon;
				ASSETCATALOG_COMPILER_GLOBAL_ACCENT_COLOR_NAME = AccentColor;
				CODE_SIGN_STYLE = Automatic;
				CURRENT_PROJECT_VERSION = 1;
				DEVELOPMENT_TEAM = 4D9S5L6RG7;
				ENABLE_PREVIEWS = YES;
				GENERATE_INFOPLIST_FILE = YES;
				INFOPLIST_KEY_UIApplicationSceneManifest_Generation = YES;
				INFOPLIST_KEY_UIApplicationSupportsIndirectInputEvents = YES;
				INFOPLIST_KEY_UILaunchScreen_Generation = YES;
				INFOPLIST_KEY_UISupportedInterfaceOrientations_iPad = "UIInterfaceOrientationPortrait UIInterfaceOrientationPortraitUpsideDown UIInterfaceOrientationLandscapeLeft UIInterfaceOrientationLandscapeRight";
				INFOPLIST_KEY_UISupportedInterfaceOrientations_iPhone = "UIInterfaceOrientationPortrait UIInterfaceOrientationLandscapeLeft UIInterfaceOrientationLandscapeRight";
				LD_RUNPATH_SEARCH_PATHS = (
					"$(inherited)",
					"@executable_path/Frameworks",
				);
				MARKETING_VERSION = 1.0;
				PRODUCT_BUNDLE_IDENTIFIER = com.funkysymbol.CrosscodeFluxorV2UI;
				PRODUCT_NAME = "$(TARGET_NAME)";
				SWIFT_EMIT_LOC_STRINGS = YES;
				SWIFT_VERSION = 5.0;
				TARGETED_DEVICE_FAMILY = "1,2";
			};
			name = Debug;
		};
		28BB50372DE0B908002F61E9 /* Release */ = {
			isa = XCBuildConfiguration;
			buildSettings = {
				ASSETCATALOG_COMPILER_APPICON_NAME = AppIcon;
				ASSETCATALOG_COMPILER_GLOBAL_ACCENT_COLOR_NAME = AccentColor;
				CODE_SIGN_STYLE = Automatic;
				CURRENT_PROJECT_VERSION = 1;
				DEVELOPMENT_TEAM = 4D9S5L6RG7;
				ENABLE_PREVIEWS = YES;
				GENERATE_INFOPLIST_FILE = YES;
				INFOPLIST_KEY_UIApplicationSceneManifest_Generation = YES;
				INFOPLIST_KEY_UIApplicationSupportsIndirectInputEvents = YES;
				INFOPLIST_KEY_UILaunchScreen_Generation = YES;
				INFOPLIST_KEY_UISupportedInterfaceOrientations_iPad = "UIInterfaceOrientationPortrait UIInterfaceOrientationPortraitUpsideDown UIInterfaceOrientationLandscapeLeft UIInterfaceOrientationLandscapeRight";
				INFOPLIST_KEY_UISupportedInterfaceOrientations_iPhone = "UIInterfaceOrientationPortrait UIInterfaceOrientationLandscapeLeft UIInterfaceOrientationLandscapeRight";
				LD_RUNPATH_SEARCH_PATHS = (
					"$(inherited)",
					"@executable_path/Frameworks",
				);
				MARKETING_VERSION = 1.0;
				PRODUCT_BUNDLE_IDENTIFIER = com.funkysymbol.CrosscodeFluxorV2UI;
				PRODUCT_NAME = "$(TARGET_NAME)";
				SWIFT_EMIT_LOC_STRINGS = YES;
				SWIFT_VERSION = 5.0;
				TARGETED_DEVICE_FAMILY = "1,2";
			};
			name = Release;
		};
		28BB50392DE0B908002F61E9 /* Debug */ = {
			isa = XCBuildConfiguration;
			buildSettings = {
				BUNDLE_LOADER = "$(TEST_HOST)";
				CODE_SIGN_STYLE = Automatic;
				CURRENT_PROJECT_VERSION = 1;
				DEVELOPMENT_TEAM = 4D9S5L6RG7;
				GENERATE_INFOPLIST_FILE = YES;
				IPHONEOS_DEPLOYMENT_TARGET = 18.4;
				MARKETING_VERSION = 1.0;
				PRODUCT_BUNDLE_IDENTIFIER = com.funkysymbol.CrosscodeFluxorV2UITests;
				PRODUCT_NAME = "$(TARGET_NAME)";
				SWIFT_EMIT_LOC_STRINGS = NO;
				SWIFT_VERSION = 5.0;
				TARGETED_DEVICE_FAMILY = "1,2";
				TEST_HOST = "$(BUILT_PRODUCTS_DIR)/CrosscodeFluxorV2UI.app/$(BUNDLE_EXECUTABLE_FOLDER_PATH)/CrosscodeFluxorV2UI";
			};
			name = Debug;
		};
		28BB503A2DE0B908002F61E9 /* Release */ = {
			isa = XCBuildConfiguration;
			buildSettings = {
				BUNDLE_LOADER = "$(TEST_HOST)";
				CODE_SIGN_STYLE = Automatic;
				CURRENT_PROJECT_VERSION = 1;
				DEVELOPMENT_TEAM = 4D9S5L6RG7;
				GENERATE_INFOPLIST_FILE = YES;
				IPHONEOS_DEPLOYMENT_TARGET = 18.4;
				MARKETING_VERSION = 1.0;
				PRODUCT_BUNDLE_IDENTIFIER = com.funkysymbol.CrosscodeFluxorV2UITests;
				PRODUCT_NAME = "$(TARGET_NAME)";
				SWIFT_EMIT_LOC_STRINGS = NO;
				SWIFT_VERSION = 5.0;
				TARGETED_DEVICE_FAMILY = "1,2";
				TEST_HOST = "$(BUILT_PRODUCTS_DIR)/CrosscodeFluxorV2UI.app/$(BUNDLE_EXECUTABLE_FOLDER_PATH)/CrosscodeFluxorV2UI";
			};
			name = Release;
		};
		28BB503C2DE0B908002F61E9 /* Debug */ = {
			isa = XCBuildConfiguration;
			buildSettings = {
				CODE_SIGN_STYLE = Automatic;
				CURRENT_PROJECT_VERSION = 1;
				DEVELOPMENT_TEAM = 4D9S5L6RG7;
				GENERATE_INFOPLIST_FILE = YES;
				MARKETING_VERSION = 1.0;
				PRODUCT_BUNDLE_IDENTIFIER = com.funkysymbol.CrosscodeFluxorV2UIUITests;
				PRODUCT_NAME = "$(TARGET_NAME)";
				SWIFT_EMIT_LOC_STRINGS = NO;
				SWIFT_VERSION = 5.0;
				TARGETED_DEVICE_FAMILY = "1,2";
				TEST_TARGET_NAME = CrosscodeFluxorV2UI;
			};
			name = Debug;
		};
		28BB503D2DE0B908002F61E9 /* Release */ = {
			isa = XCBuildConfiguration;
			buildSettings = {
				CODE_SIGN_STYLE = Automatic;
				CURRENT_PROJECT_VERSION = 1;
				DEVELOPMENT_TEAM = 4D9S5L6RG7;
				GENERATE_INFOPLIST_FILE = YES;
				MARKETING_VERSION = 1.0;
				PRODUCT_BUNDLE_IDENTIFIER = com.funkysymbol.CrosscodeFluxorV2UIUITests;
				PRODUCT_NAME = "$(TARGET_NAME)";
				SWIFT_EMIT_LOC_STRINGS = NO;
				SWIFT_VERSION = 5.0;
				TARGETED_DEVICE_FAMILY = "1,2";
				TEST_TARGET_NAME = CrosscodeFluxorV2UI;
			};
			name = Release;
		};
/* End XCBuildConfiguration section */

/* Begin XCConfigurationList section */
		28BB500F2DE0B907002F61E9 /* Build configuration list for PBXProject "CrosscodeFluxorV2UI" */ = {
			isa = XCConfigurationList;
			buildConfigurations = (
				28BB50332DE0B908002F61E9 /* Debug */,
				28BB50342DE0B908002F61E9 /* Release */,
			);
			defaultConfigurationIsVisible = 0;
			defaultConfigurationName = Release;
		};
		28BB50352DE0B908002F61E9 /* Build configuration list for PBXNativeTarget "CrosscodeFluxorV2UI" */ = {
			isa = XCConfigurationList;
			buildConfigurations = (
				28BB50362DE0B908002F61E9 /* Debug */,
				28BB50372DE0B908002F61E9 /* Release */,
			);
			defaultConfigurationIsVisible = 0;
			defaultConfigurationName = Release;
		};
		28BB50382DE0B908002F61E9 /* Build configuration list for PBXNativeTarget "CrosscodeFluxorV2UITests" */ = {
			isa = XCConfigurationList;
			buildConfigurations = (
				28BB50392DE0B908002F61E9 /* Debug */,
				28BB503A2DE0B908002F61E9 /* Release */,
			);
			defaultConfigurationIsVisible = 0;
			defaultConfigurationName = Release;
		};
		28BB503B2DE0B908002F61E9 /* Build configuration list for PBXNativeTarget "CrosscodeFluxorV2UIUITests" */ = {
			isa = XCConfigurationList;
			buildConfigurations = (
				28BB503C2DE0B908002F61E9 /* Debug */,
				28BB503D2DE0B908002F61E9 /* Release */,
			);
			defaultConfigurationIsVisible = 0;
			defaultConfigurationName = Release;
		};
/* End XCConfigurationList section */

/* Begin XCRemoteSwiftPackageReference section */
		28BB50A02DE0BA9C002F61E9 /* XCRemoteSwiftPackageReference "Fluxor" */ = {
			isa = XCRemoteSwiftPackageReference;
			repositoryURL = "https://github.com/FluxorOrg/Fluxor.git";
			requirement = {
				kind = upToNextMajorVersion;
				minimumVersion = 5.0.1;
			};
		};
		28BB50A52DE0BEAC002F61E9 /* XCRemoteSwiftPackageReference "Factory" */ = {
			isa = XCRemoteSwiftPackageReference;
			repositoryURL = "https://github.com/hmlongco/Factory.git";
			requirement = {
				kind = upToNextMajorVersion;
				minimumVersion = 2.5.2;
			};
		};
/* End XCRemoteSwiftPackageReference section */

/* Begin XCSwiftPackageProductDependency section */
		28BB50A12DE0BA9C002F61E9 /* Fluxor */ = {
			isa = XCSwiftPackageProductDependency;
			package = 28BB50A02DE0BA9C002F61E9 /* XCRemoteSwiftPackageReference "Fluxor" */;
			productName = Fluxor;
		};
		28BB50A32DE0BA9C002F61E9 /* FluxorTestSupport */ = {
			isa = XCSwiftPackageProductDependency;
			package = 28BB50A02DE0BA9C002F61E9 /* XCRemoteSwiftPackageReference "Fluxor" */;
			productName = FluxorTestSupport;
		};
		28BB50A62DE0BEAC002F61E9 /* Factory */ = {
			isa = XCSwiftPackageProductDependency;
			package = 28BB50A52DE0BEAC002F61E9 /* XCRemoteSwiftPackageReference "Factory" */;
			productName = Factory;
		};
		28BB50A82DE0BEAC002F61E9 /* FactoryTesting */ = {
			isa = XCSwiftPackageProductDependency;
			package = 28BB50A52DE0BEAC002F61E9 /* XCRemoteSwiftPackageReference "Factory" */;
			productName = FactoryTesting;
		};
/* End XCSwiftPackageProductDependency section */
	};
	rootObject = 28BB500C2DE0B907002F61E9 /* Project object */;
}
